// !$*UTF8*$!
{
	archiveVersion = 1;
	classes = {
	};
	objectVersion = 55;
	objects = {

/* Begin PBXBuildFile section */
		70168E662975A6F5005BC267 /* EditBudgetModalViewProvider.swift in Sources */ = {isa = PBXBuildFile; fileRef = 70168E652975A6F5005BC267 /* EditBudgetModalViewProvider.swift */; };
		7048357F2906D7EE00224DBD /* EditBudgetModalView.swift in Sources */ = {isa = PBXBuildFile; fileRef = 7048357E2906D7EE00224DBD /* EditBudgetModalView.swift */; };
		704835812909749400224DBD /* BudgetCategoryPicker.swift in Sources */ = {isa = PBXBuildFile; fileRef = 704835802909749400224DBD /* BudgetCategoryPicker.swift */; };
		707E47C2298F65D200DAE3CE /* BudgetCategoryCD+CoreDataClass.swift in Sources */ = {isa = PBXBuildFile; fileRef = 707E47C0298F65D200DAE3CE /* BudgetCategoryCD+CoreDataClass.swift */; };
		707E47C3298F65D200DAE3CE /* BudgetCategoryCD+CoreDataProperties.swift in Sources */ = {isa = PBXBuildFile; fileRef = 707E47C1298F65D200DAE3CE /* BudgetCategoryCD+CoreDataProperties.swift */; };
		709E8F1F297398D400261A78 /* View+InteractiveDismissableView.swift in Sources */ = {isa = PBXBuildFile; fileRef = 709E8F1D297398D400261A78 /* View+InteractiveDismissableView.swift */; };
		709E8F20297398D400261A78 /* View+ConfirmationDialog.swift in Sources */ = {isa = PBXBuildFile; fileRef = 709E8F1E297398D400261A78 /* View+ConfirmationDialog.swift */; };
		70F7F39429739AA900B6C8C1 /* BudgetDataModel.xcdatamodeld in Sources */ = {isa = PBXBuildFile; fileRef = 70F7F39229739AA900B6C8C1 /* BudgetDataModel.xcdatamodeld */; };
		70F7F3A62973C03400B6C8C1 /* PersistenceCoreData.swift in Sources */ = {isa = PBXBuildFile; fileRef = 70F7F3A52973C03400B6C8C1 /* PersistenceCoreData.swift */; };
		70F7F413297428A200B6C8C1 /* UICD+CoreDataClass.swift in Sources */ = {isa = PBXBuildFile; fileRef = 70F7F409297428A200B6C8C1 /* UICD+CoreDataClass.swift */; };
		70F7F414297428A200B6C8C1 /* UICD+CoreDataProperties.swift in Sources */ = {isa = PBXBuildFile; fileRef = 70F7F40A297428A200B6C8C1 /* UICD+CoreDataProperties.swift */; };
		70F7F415297428A200B6C8C1 /* ExpenseCD+CoreDataClass.swift in Sources */ = {isa = PBXBuildFile; fileRef = 70F7F40B297428A200B6C8C1 /* ExpenseCD+CoreDataClass.swift */; };
		70F7F416297428A200B6C8C1 /* ExpenseCD+CoreDataProperties.swift in Sources */ = {isa = PBXBuildFile; fileRef = 70F7F40C297428A200B6C8C1 /* ExpenseCD+CoreDataProperties.swift */; };
		70F7F417297428A200B6C8C1 /* CategoryTemplateCD+CoreDataClass.swift in Sources */ = {isa = PBXBuildFile; fileRef = 70F7F40D297428A200B6C8C1 /* CategoryTemplateCD+CoreDataClass.swift */; };
		70F7F418297428A200B6C8C1 /* CategoryTemplateCD+CoreDataProperties.swift in Sources */ = {isa = PBXBuildFile; fileRef = 70F7F40E297428A200B6C8C1 /* CategoryTemplateCD+CoreDataProperties.swift */; };
		70F7F419297428A200B6C8C1 /* BudgetCD+CoreDataClass.swift in Sources */ = {isa = PBXBuildFile; fileRef = 70F7F40F297428A200B6C8C1 /* BudgetCD+CoreDataClass.swift */; };
		70F7F41A297428A200B6C8C1 /* BudgetCD+CoreDataProperties.swift in Sources */ = {isa = PBXBuildFile; fileRef = 70F7F410297428A200B6C8C1 /* BudgetCD+CoreDataProperties.swift */; };
		9838A10A28B359F90041C326 /* TextFieldClearButton.swift in Sources */ = {isa = PBXBuildFile; fileRef = 9838A10928B359F90041C326 /* TextFieldClearButton.swift */; };
		9838A10D28B39E120041C326 /* NumbersOnly.swift in Sources */ = {isa = PBXBuildFile; fileRef = 9838A10C28B39E120041C326 /* NumbersOnly.swift */; };
		9838A10F28B47E650041C326 /* BudgetListModalView.swift in Sources */ = {isa = PBXBuildFile; fileRef = 9838A10E28B47E650041C326 /* BudgetListModalView.swift */; };
		9838A11328B52A2E0041C326 /* CreateBudgetModalViewProvider.swift in Sources */ = {isa = PBXBuildFile; fileRef = 9838A11228B52A2E0041C326 /* CreateBudgetModalViewProvider.swift */; };
		9838A11528B647B60041C326 /* BudgetInfo.swift in Sources */ = {isa = PBXBuildFile; fileRef = 9838A11428B647B60041C326 /* BudgetInfo.swift */; };
		9838A11728B65B3B0041C326 /* CategoryListView.swift in Sources */ = {isa = PBXBuildFile; fileRef = 9838A11628B65B3B0041C326 /* CategoryListView.swift */; };
		9838A11928B65B5E0041C326 /* CategoryCard.swift in Sources */ = {isa = PBXBuildFile; fileRef = 9838A11828B65B5E0041C326 /* CategoryCard.swift */; };
		9838A11B28B65B810041C326 /* Category.swift in Sources */ = {isa = PBXBuildFile; fileRef = 9838A11A28B65B810041C326 /* Category.swift */; };
		9838A11D28B65C2E0041C326 /* Expense.swift in Sources */ = {isa = PBXBuildFile; fileRef = 9838A11C28B65C2E0041C326 /* Expense.swift */; };
		983C7B2F28B9F95D008D75D3 /* ColorTheme.swift in Sources */ = {isa = PBXBuildFile; fileRef = 983C7B2E28B9F95D008D75D3 /* ColorTheme.swift */; };
		983C7B3128BB38BB008D75D3 /* CategoryDetailModalView.swift in Sources */ = {isa = PBXBuildFile; fileRef = 983C7B3028BB38BB008D75D3 /* CategoryDetailModalView.swift */; };
		983C7B3328BB7FDC008D75D3 /* AddExpenseView.swift in Sources */ = {isa = PBXBuildFile; fileRef = 983C7B3228BB7FDC008D75D3 /* AddExpenseView.swift */; };
		983C7B3528BCEFA1008D75D3 /* CategoryDetailView.swift in Sources */ = {isa = PBXBuildFile; fileRef = 983C7B3428BCEFA1008D75D3 /* CategoryDetailView.swift */; };
		983C7B3728BD0058008D75D3 /* CategoryTitle.swift in Sources */ = {isa = PBXBuildFile; fileRef = 983C7B3628BD0058008D75D3 /* CategoryTitle.swift */; };
		983C7B3C28C0E14F008D75D3 /* EditExpenseModalView.swift in Sources */ = {isa = PBXBuildFile; fileRef = 983C7B3B28C0E14F008D75D3 /* EditExpenseModalView.swift */; };
		983C7B3E28C2E770008D75D3 /* CategoryBudgetBar.swift in Sources */ = {isa = PBXBuildFile; fileRef = 983C7B3D28C2E770008D75D3 /* CategoryBudgetBar.swift */; };
		983C7B4228C2F294008D75D3 /* CategoryAddExpenseView.swift in Sources */ = {isa = PBXBuildFile; fileRef = 983C7B4128C2F294008D75D3 /* CategoryAddExpenseView.swift */; };
		983C7B4428C606A2008D75D3 /* EditBudgetCategoryModalView.swift in Sources */ = {isa = PBXBuildFile; fileRef = 983C7B4328C606A2008D75D3 /* EditBudgetCategoryModalView.swift */; };
		983C7B4628C607EF008D75D3 /* CategoryTemplateListModalView.swift in Sources */ = {isa = PBXBuildFile; fileRef = 983C7B4528C607EF008D75D3 /* CategoryTemplateListModalView.swift */; };
		983C7B4C28C77310008D75D3 /* CreateCategoryTemplateModalView.swift in Sources */ = {isa = PBXBuildFile; fileRef = 983C7B4B28C77310008D75D3 /* CreateCategoryTemplateModalView.swift */; };
		983C7B4E28C77B45008D75D3 /* Theme.swift in Sources */ = {isa = PBXBuildFile; fileRef = 983C7B4D28C77B45008D75D3 /* Theme.swift */; };
		983C7B5128C77D55008D75D3 /* ThemePicker.swift in Sources */ = {isa = PBXBuildFile; fileRef = 983C7B5028C77D55008D75D3 /* ThemePicker.swift */; };
		983C7B5328C77D86008D75D3 /* ThemeView.swift in Sources */ = {isa = PBXBuildFile; fileRef = 983C7B5228C77D86008D75D3 /* ThemeView.swift */; };
		983C7B5528CAF888008D75D3 /* EditCategoryTemplateModalView.swift in Sources */ = {isa = PBXBuildFile; fileRef = 983C7B5428CAF888008D75D3 /* EditCategoryTemplateModalView.swift */; };
		983C7B5828CB1ABC008D75D3 /* CategoryTemplateLabel.swift in Sources */ = {isa = PBXBuildFile; fileRef = 983C7B5728CB1ABC008D75D3 /* CategoryTemplateLabel.swift */; };
		983C7B5A28CB2059008D75D3 /* AddBudgetCategoryAlert.swift in Sources */ = {isa = PBXBuildFile; fileRef = 983C7B5928CB2059008D75D3 /* AddBudgetCategoryAlert.swift */; };
		985FBB1228D7118C0080159B /* EditBudgetCategoryDetailModalView.swift in Sources */ = {isa = PBXBuildFile; fileRef = 985FBB1128D7118C0080159B /* EditBudgetCategoryDetailModalView.swift */; };
		9863988728B9DA8200CCBB1D /* AddExpenseButton.swift in Sources */ = {isa = PBXBuildFile; fileRef = 9863988628B9DA8200CCBB1D /* AddExpenseButton.swift */; };
		9863988928B9DFCB00CCBB1D /* AddExpenseModalView.swift in Sources */ = {isa = PBXBuildFile; fileRef = 9863988828B9DFCB00CCBB1D /* AddExpenseModalView.swift */; };
		9863988B28B9E1B200CCBB1D /* AmountTextField.swift in Sources */ = {isa = PBXBuildFile; fileRef = 9863988A28B9E1B200CCBB1D /* AmountTextField.swift */; };
		98B0436028B1E2F300BC762D /* BudgetManageApp.swift in Sources */ = {isa = PBXBuildFile; fileRef = 98B0435F28B1E2F300BC762D /* BudgetManageApp.swift */; };
		98B0436228B1E2F300BC762D /* ContentView.swift in Sources */ = {isa = PBXBuildFile; fileRef = 98B0436128B1E2F300BC762D /* ContentView.swift */; };
		98B0436428B1E2F500BC762D /* Assets.xcassets in Resources */ = {isa = PBXBuildFile; fileRef = 98B0436328B1E2F500BC762D /* Assets.xcassets */; };
		98B0436728B1E2F500BC762D /* Preview Assets.xcassets in Resources */ = {isa = PBXBuildFile; fileRef = 98B0436628B1E2F500BC762D /* Preview Assets.xcassets */; };
		98B0437128B1E2F500BC762D /* BudgetManageTests.swift in Sources */ = {isa = PBXBuildFile; fileRef = 98B0437028B1E2F500BC762D /* BudgetManageTests.swift */; };
		98B0437B28B1E2F500BC762D /* BudgetManageUITests.swift in Sources */ = {isa = PBXBuildFile; fileRef = 98B0437A28B1E2F500BC762D /* BudgetManageUITests.swift */; };
		98B0437D28B1E2F500BC762D /* BudgetManageUITestsLaunchTests.swift in Sources */ = {isa = PBXBuildFile; fileRef = 98B0437C28B1E2F500BC762D /* BudgetManageUITestsLaunchTests.swift */; };
		98B0438B28B1E30F00BC762D /* BudgetView.swift in Sources */ = {isa = PBXBuildFile; fileRef = 98B0438A28B1E30F00BC762D /* BudgetView.swift */; };
		98B0438E28B1E41300BC762D /* Budget.swift in Sources */ = {isa = PBXBuildFile; fileRef = 98B0438D28B1E41300BC762D /* Budget.swift */; };
		98B0439128B201F300BC762D /* BudgetViewMenu.swift in Sources */ = {isa = PBXBuildFile; fileRef = 98B0439028B201F300BC762D /* BudgetViewMenu.swift */; };
		98B0439328B2089300BC762D /* BudgetViewNavigationTitle.swift in Sources */ = {isa = PBXBuildFile; fileRef = 98B0439228B2089300BC762D /* BudgetViewNavigationTitle.swift */; };
		98B0439628B20A5B00BC762D /* LogView.swift in Sources */ = {isa = PBXBuildFile; fileRef = 98B0439528B20A5B00BC762D /* LogView.swift */; };
		98B0439C28B22E0800BC762D /* BudgetEmptyView.swift in Sources */ = {isa = PBXBuildFile; fileRef = 98B0439B28B22E0800BC762D /* BudgetEmptyView.swift */; };
		98B0439F28B24A8D00BC762D /* CreateBudgetModalView.swift in Sources */ = {isa = PBXBuildFile; fileRef = 98B0439E28B24A8D00BC762D /* CreateBudgetModalView.swift */; };
/* End PBXBuildFile section */

/* Begin PBXContainerItemProxy section */
		98B0436D28B1E2F500BC762D /* PBXContainerItemProxy */ = {
			isa = PBXContainerItemProxy;
			containerPortal = 98B0435428B1E2F300BC762D /* Project object */;
			proxyType = 1;
			remoteGlobalIDString = 98B0435B28B1E2F300BC762D;
			remoteInfo = BudgetManage;
		};
		98B0437728B1E2F500BC762D /* PBXContainerItemProxy */ = {
			isa = PBXContainerItemProxy;
			containerPortal = 98B0435428B1E2F300BC762D /* Project object */;
			proxyType = 1;
			remoteGlobalIDString = 98B0435B28B1E2F300BC762D;
			remoteInfo = BudgetManage;
		};
/* End PBXContainerItemProxy section */

/* Begin PBXFileReference section */
		70168E652975A6F5005BC267 /* EditBudgetModalViewProvider.swift */ = {isa = PBXFileReference; lastKnownFileType = sourcecode.swift; path = EditBudgetModalViewProvider.swift; sourceTree = "<group>"; };
		7048357E2906D7EE00224DBD /* EditBudgetModalView.swift */ = {isa = PBXFileReference; lastKnownFileType = sourcecode.swift; path = EditBudgetModalView.swift; sourceTree = "<group>"; };
		704835802909749400224DBD /* BudgetCategoryPicker.swift */ = {isa = PBXFileReference; lastKnownFileType = sourcecode.swift; path = BudgetCategoryPicker.swift; sourceTree = "<group>"; };
		707E47C0298F65D200DAE3CE /* BudgetCategoryCD+CoreDataClass.swift */ = {isa = PBXFileReference; lastKnownFileType = sourcecode.swift; path = "BudgetCategoryCD+CoreDataClass.swift"; sourceTree = "<group>"; };
		707E47C1298F65D200DAE3CE /* BudgetCategoryCD+CoreDataProperties.swift */ = {isa = PBXFileReference; lastKnownFileType = sourcecode.swift; path = "BudgetCategoryCD+CoreDataProperties.swift"; sourceTree = "<group>"; };
		709E8F1D297398D400261A78 /* View+InteractiveDismissableView.swift */ = {isa = PBXFileReference; fileEncoding = 4; lastKnownFileType = sourcecode.swift; path = "View+InteractiveDismissableView.swift"; sourceTree = "<group>"; };
		709E8F1E297398D400261A78 /* View+ConfirmationDialog.swift */ = {isa = PBXFileReference; fileEncoding = 4; lastKnownFileType = sourcecode.swift; path = "View+ConfirmationDialog.swift"; sourceTree = "<group>"; };
		70A36B6D29A1EA4500181CB6 /* PrivacyPolicy.md */ = {isa = PBXFileReference; lastKnownFileType = net.daringfireball.markdown; path = PrivacyPolicy.md; sourceTree = "<group>"; };
		70F7F39329739AA900B6C8C1 /* BudgetDataModel.xcdatamodel */ = {isa = PBXFileReference; lastKnownFileType = wrapper.xcdatamodel; path = BudgetDataModel.xcdatamodel; sourceTree = "<group>"; };
		70F7F3A52973C03400B6C8C1 /* PersistenceCoreData.swift */ = {isa = PBXFileReference; lastKnownFileType = sourcecode.swift; path = PersistenceCoreData.swift; sourceTree = "<group>"; };
		70F7F409297428A200B6C8C1 /* UICD+CoreDataClass.swift */ = {isa = PBXFileReference; lastKnownFileType = sourcecode.swift; path = "UICD+CoreDataClass.swift"; sourceTree = "<group>"; };
		70F7F40A297428A200B6C8C1 /* UICD+CoreDataProperties.swift */ = {isa = PBXFileReference; lastKnownFileType = sourcecode.swift; path = "UICD+CoreDataProperties.swift"; sourceTree = "<group>"; };
		70F7F40B297428A200B6C8C1 /* ExpenseCD+CoreDataClass.swift */ = {isa = PBXFileReference; lastKnownFileType = sourcecode.swift; path = "ExpenseCD+CoreDataClass.swift"; sourceTree = "<group>"; };
		70F7F40C297428A200B6C8C1 /* ExpenseCD+CoreDataProperties.swift */ = {isa = PBXFileReference; lastKnownFileType = sourcecode.swift; path = "ExpenseCD+CoreDataProperties.swift"; sourceTree = "<group>"; };
		70F7F40D297428A200B6C8C1 /* CategoryTemplateCD+CoreDataClass.swift */ = {isa = PBXFileReference; lastKnownFileType = sourcecode.swift; path = "CategoryTemplateCD+CoreDataClass.swift"; sourceTree = "<group>"; };
		70F7F40E297428A200B6C8C1 /* CategoryTemplateCD+CoreDataProperties.swift */ = {isa = PBXFileReference; lastKnownFileType = sourcecode.swift; path = "CategoryTemplateCD+CoreDataProperties.swift"; sourceTree = "<group>"; };
		70F7F40F297428A200B6C8C1 /* BudgetCD+CoreDataClass.swift */ = {isa = PBXFileReference; lastKnownFileType = sourcecode.swift; path = "BudgetCD+CoreDataClass.swift"; sourceTree = "<group>"; };
		70F7F410297428A200B6C8C1 /* BudgetCD+CoreDataProperties.swift */ = {isa = PBXFileReference; lastKnownFileType = sourcecode.swift; path = "BudgetCD+CoreDataProperties.swift"; sourceTree = "<group>"; };
		9838A10928B359F90041C326 /* TextFieldClearButton.swift */ = {isa = PBXFileReference; lastKnownFileType = sourcecode.swift; path = TextFieldClearButton.swift; sourceTree = "<group>"; };
		9838A10C28B39E120041C326 /* NumbersOnly.swift */ = {isa = PBXFileReference; lastKnownFileType = sourcecode.swift; path = NumbersOnly.swift; sourceTree = "<group>"; };
		9838A10E28B47E650041C326 /* BudgetListModalView.swift */ = {isa = PBXFileReference; lastKnownFileType = sourcecode.swift; path = BudgetListModalView.swift; sourceTree = "<group>"; };
		9838A11228B52A2E0041C326 /* CreateBudgetModalViewProvider.swift */ = {isa = PBXFileReference; lastKnownFileType = sourcecode.swift; path = CreateBudgetModalViewProvider.swift; sourceTree = "<group>"; };
		9838A11428B647B60041C326 /* BudgetInfo.swift */ = {isa = PBXFileReference; lastKnownFileType = sourcecode.swift; path = BudgetInfo.swift; sourceTree = "<group>"; };
		9838A11628B65B3B0041C326 /* CategoryListView.swift */ = {isa = PBXFileReference; lastKnownFileType = sourcecode.swift; path = CategoryListView.swift; sourceTree = "<group>"; };
		9838A11828B65B5E0041C326 /* CategoryCard.swift */ = {isa = PBXFileReference; lastKnownFileType = sourcecode.swift; path = CategoryCard.swift; sourceTree = "<group>"; };
		9838A11A28B65B810041C326 /* Category.swift */ = {isa = PBXFileReference; lastKnownFileType = sourcecode.swift; path = Category.swift; sourceTree = "<group>"; };
		9838A11C28B65C2E0041C326 /* Expense.swift */ = {isa = PBXFileReference; lastKnownFileType = sourcecode.swift; path = Expense.swift; sourceTree = "<group>"; };
		983C7B2E28B9F95D008D75D3 /* ColorTheme.swift */ = {isa = PBXFileReference; lastKnownFileType = sourcecode.swift; path = ColorTheme.swift; sourceTree = "<group>"; };
		983C7B3028BB38BB008D75D3 /* CategoryDetailModalView.swift */ = {isa = PBXFileReference; lastKnownFileType = sourcecode.swift; path = CategoryDetailModalView.swift; sourceTree = "<group>"; };
		983C7B3228BB7FDC008D75D3 /* AddExpenseView.swift */ = {isa = PBXFileReference; lastKnownFileType = sourcecode.swift; path = AddExpenseView.swift; sourceTree = "<group>"; };
		983C7B3428BCEFA1008D75D3 /* CategoryDetailView.swift */ = {isa = PBXFileReference; lastKnownFileType = sourcecode.swift; path = CategoryDetailView.swift; sourceTree = "<group>"; };
		983C7B3628BD0058008D75D3 /* CategoryTitle.swift */ = {isa = PBXFileReference; lastKnownFileType = sourcecode.swift; path = CategoryTitle.swift; sourceTree = "<group>"; };
		983C7B3B28C0E14F008D75D3 /* EditExpenseModalView.swift */ = {isa = PBXFileReference; lastKnownFileType = sourcecode.swift; path = EditExpenseModalView.swift; sourceTree = "<group>"; };
		983C7B3D28C2E770008D75D3 /* CategoryBudgetBar.swift */ = {isa = PBXFileReference; lastKnownFileType = sourcecode.swift; path = CategoryBudgetBar.swift; sourceTree = "<group>"; };
		983C7B4128C2F294008D75D3 /* CategoryAddExpenseView.swift */ = {isa = PBXFileReference; lastKnownFileType = sourcecode.swift; path = CategoryAddExpenseView.swift; sourceTree = "<group>"; };
		983C7B4328C606A2008D75D3 /* EditBudgetCategoryModalView.swift */ = {isa = PBXFileReference; lastKnownFileType = sourcecode.swift; path = EditBudgetCategoryModalView.swift; sourceTree = "<group>"; };
		983C7B4528C607EF008D75D3 /* CategoryTemplateListModalView.swift */ = {isa = PBXFileReference; lastKnownFileType = sourcecode.swift; path = CategoryTemplateListModalView.swift; sourceTree = "<group>"; };
		983C7B4B28C77310008D75D3 /* CreateCategoryTemplateModalView.swift */ = {isa = PBXFileReference; lastKnownFileType = sourcecode.swift; path = CreateCategoryTemplateModalView.swift; sourceTree = "<group>"; };
		983C7B4D28C77B45008D75D3 /* Theme.swift */ = {isa = PBXFileReference; lastKnownFileType = sourcecode.swift; path = Theme.swift; sourceTree = "<group>"; };
		983C7B5028C77D55008D75D3 /* ThemePicker.swift */ = {isa = PBXFileReference; lastKnownFileType = sourcecode.swift; path = ThemePicker.swift; sourceTree = "<group>"; };
		983C7B5228C77D86008D75D3 /* ThemeView.swift */ = {isa = PBXFileReference; lastKnownFileType = sourcecode.swift; path = ThemeView.swift; sourceTree = "<group>"; };
		983C7B5428CAF888008D75D3 /* EditCategoryTemplateModalView.swift */ = {isa = PBXFileReference; lastKnownFileType = sourcecode.swift; path = EditCategoryTemplateModalView.swift; sourceTree = "<group>"; };
		983C7B5728CB1ABC008D75D3 /* CategoryTemplateLabel.swift */ = {isa = PBXFileReference; lastKnownFileType = sourcecode.swift; path = CategoryTemplateLabel.swift; sourceTree = "<group>"; };
		983C7B5928CB2059008D75D3 /* AddBudgetCategoryAlert.swift */ = {isa = PBXFileReference; lastKnownFileType = sourcecode.swift; path = AddBudgetCategoryAlert.swift; sourceTree = "<group>"; };
		985FBB1128D7118C0080159B /* EditBudgetCategoryDetailModalView.swift */ = {isa = PBXFileReference; lastKnownFileType = sourcecode.swift; path = EditBudgetCategoryDetailModalView.swift; sourceTree = "<group>"; };
		9863988628B9DA8200CCBB1D /* AddExpenseButton.swift */ = {isa = PBXFileReference; lastKnownFileType = sourcecode.swift; path = AddExpenseButton.swift; sourceTree = "<group>"; };
		9863988828B9DFCB00CCBB1D /* AddExpenseModalView.swift */ = {isa = PBXFileReference; lastKnownFileType = sourcecode.swift; path = AddExpenseModalView.swift; sourceTree = "<group>"; };
		9863988A28B9E1B200CCBB1D /* AmountTextField.swift */ = {isa = PBXFileReference; lastKnownFileType = sourcecode.swift; path = AmountTextField.swift; sourceTree = "<group>"; };
		98B0435C28B1E2F300BC762D /* BudgetManage.app */ = {isa = PBXFileReference; explicitFileType = wrapper.application; includeInIndex = 0; path = BudgetManage.app; sourceTree = BUILT_PRODUCTS_DIR; };
		98B0435F28B1E2F300BC762D /* BudgetManageApp.swift */ = {isa = PBXFileReference; lastKnownFileType = sourcecode.swift; path = BudgetManageApp.swift; sourceTree = "<group>"; };
		98B0436128B1E2F300BC762D /* ContentView.swift */ = {isa = PBXFileReference; lastKnownFileType = sourcecode.swift; path = ContentView.swift; sourceTree = "<group>"; };
		98B0436328B1E2F500BC762D /* Assets.xcassets */ = {isa = PBXFileReference; lastKnownFileType = folder.assetcatalog; path = Assets.xcassets; sourceTree = "<group>"; };
		98B0436628B1E2F500BC762D /* Preview Assets.xcassets */ = {isa = PBXFileReference; lastKnownFileType = folder.assetcatalog; path = "Preview Assets.xcassets"; sourceTree = "<group>"; };
		98B0436C28B1E2F500BC762D /* BudgetManageTests.xctest */ = {isa = PBXFileReference; explicitFileType = wrapper.cfbundle; includeInIndex = 0; path = BudgetManageTests.xctest; sourceTree = BUILT_PRODUCTS_DIR; };
		98B0437028B1E2F500BC762D /* BudgetManageTests.swift */ = {isa = PBXFileReference; lastKnownFileType = sourcecode.swift; path = BudgetManageTests.swift; sourceTree = "<group>"; };
		98B0437628B1E2F500BC762D /* BudgetManageUITests.xctest */ = {isa = PBXFileReference; explicitFileType = wrapper.cfbundle; includeInIndex = 0; path = BudgetManageUITests.xctest; sourceTree = BUILT_PRODUCTS_DIR; };
		98B0437A28B1E2F500BC762D /* BudgetManageUITests.swift */ = {isa = PBXFileReference; lastKnownFileType = sourcecode.swift; path = BudgetManageUITests.swift; sourceTree = "<group>"; };
		98B0437C28B1E2F500BC762D /* BudgetManageUITestsLaunchTests.swift */ = {isa = PBXFileReference; lastKnownFileType = sourcecode.swift; path = BudgetManageUITestsLaunchTests.swift; sourceTree = "<group>"; };
		98B0438A28B1E30F00BC762D /* BudgetView.swift */ = {isa = PBXFileReference; lastKnownFileType = sourcecode.swift; path = BudgetView.swift; sourceTree = "<group>"; };
		98B0438D28B1E41300BC762D /* Budget.swift */ = {isa = PBXFileReference; lastKnownFileType = sourcecode.swift; path = Budget.swift; sourceTree = "<group>"; };
		98B0439028B201F300BC762D /* BudgetViewMenu.swift */ = {isa = PBXFileReference; lastKnownFileType = sourcecode.swift; path = BudgetViewMenu.swift; sourceTree = "<group>"; };
		98B0439228B2089300BC762D /* BudgetViewNavigationTitle.swift */ = {isa = PBXFileReference; lastKnownFileType = sourcecode.swift; path = BudgetViewNavigationTitle.swift; sourceTree = "<group>"; };
		98B0439528B20A5B00BC762D /* LogView.swift */ = {isa = PBXFileReference; lastKnownFileType = sourcecode.swift; path = LogView.swift; sourceTree = "<group>"; };
		98B0439B28B22E0800BC762D /* BudgetEmptyView.swift */ = {isa = PBXFileReference; lastKnownFileType = sourcecode.swift; path = BudgetEmptyView.swift; sourceTree = "<group>"; };
		98B0439E28B24A8D00BC762D /* CreateBudgetModalView.swift */ = {isa = PBXFileReference; lastKnownFileType = sourcecode.swift; path = CreateBudgetModalView.swift; sourceTree = "<group>"; };
/* End PBXFileReference section */

/* Begin PBXFrameworksBuildPhase section */
		98B0435928B1E2F300BC762D /* Frameworks */ = {
			isa = PBXFrameworksBuildPhase;
			buildActionMask = 2147483647;
			files = (
			);
			runOnlyForDeploymentPostprocessing = 0;
		};
		98B0436928B1E2F500BC762D /* Frameworks */ = {
			isa = PBXFrameworksBuildPhase;
			buildActionMask = 2147483647;
			files = (
			);
			runOnlyForDeploymentPostprocessing = 0;
		};
		98B0437328B1E2F500BC762D /* Frameworks */ = {
			isa = PBXFrameworksBuildPhase;
			buildActionMask = 2147483647;
			files = (
			);
			runOnlyForDeploymentPostprocessing = 0;
		};
/* End PBXFrameworksBuildPhase section */

/* Begin PBXGroup section */
		709E8F1B297398D400261A78 /* Shared */ = {
			isa = PBXGroup;
			children = (
				709E8F1C297398D400261A78 /* Extensions */,
			);
			path = Shared;
			sourceTree = "<group>";
		};
		709E8F1C297398D400261A78 /* Extensions */ = {
			isa = PBXGroup;
			children = (
				709E8F1D297398D400261A78 /* View+InteractiveDismissableView.swift */,
				709E8F1E297398D400261A78 /* View+ConfirmationDialog.swift */,
			);
			path = Extensions;
			sourceTree = "<group>";
		};
		9838A10B28B39E060041C326 /* State */ = {
			isa = PBXGroup;
			children = (
				9838A10C28B39E120041C326 /* NumbersOnly.swift */,
			);
			path = State;
			sourceTree = "<group>";
		};
		9838A11028B4809A0041C326 /* Modals */ = {
			isa = PBXGroup;
			children = (
				983C7B5628CB063B008D75D3 /* CategoryTemplateModalView */,
				983C7B3828BD025A008D75D3 /* CategoryDetailModalView */,
				98B0439E28B24A8D00BC762D /* CreateBudgetModalView.swift */,
				9838A10E28B47E650041C326 /* BudgetListModalView.swift */,
				9863988828B9DFCB00CCBB1D /* AddExpenseModalView.swift */,
				983C7B3B28C0E14F008D75D3 /* EditExpenseModalView.swift */,
				983C7B4328C606A2008D75D3 /* EditBudgetCategoryModalView.swift */,
				985FBB1128D7118C0080159B /* EditBudgetCategoryDetailModalView.swift */,
				7048357E2906D7EE00224DBD /* EditBudgetModalView.swift */,
			);
			path = Modals;
			sourceTree = "<group>";
		};
		9838A11128B529AA0041C326 /* Provider */ = {
			isa = PBXGroup;
			children = (
				9838A11228B52A2E0041C326 /* CreateBudgetModalViewProvider.swift */,
				70168E652975A6F5005BC267 /* EditBudgetModalViewProvider.swift */,
			);
			path = Provider;
			sourceTree = "<group>";
		};
		983C7B2D28B9F94A008D75D3 /* Utils */ = {
			isa = PBXGroup;
			children = (
				983C7B2E28B9F95D008D75D3 /* ColorTheme.swift */,
			);
			path = Utils;
			sourceTree = "<group>";
		};
		983C7B3828BD025A008D75D3 /* CategoryDetailModalView */ = {
			isa = PBXGroup;
			children = (
				983C7B3028BB38BB008D75D3 /* CategoryDetailModalView.swift */,
				983C7B4128C2F294008D75D3 /* CategoryAddExpenseView.swift */,
				983C7B3428BCEFA1008D75D3 /* CategoryDetailView.swift */,
				983C7B3628BD0058008D75D3 /* CategoryTitle.swift */,
			);
			path = CategoryDetailModalView;
			sourceTree = "<group>";
		};
		983C7B4F28C77D47008D75D3 /* ThemePicker */ = {
			isa = PBXGroup;
			children = (
				983C7B5028C77D55008D75D3 /* ThemePicker.swift */,
				983C7B5228C77D86008D75D3 /* ThemeView.swift */,
			);
			path = ThemePicker;
			sourceTree = "<group>";
		};
		983C7B5628CB063B008D75D3 /* CategoryTemplateModalView */ = {
			isa = PBXGroup;
			children = (
				983C7B4528C607EF008D75D3 /* CategoryTemplateListModalView.swift */,
				983C7B4B28C77310008D75D3 /* CreateCategoryTemplateModalView.swift */,
				983C7B5428CAF888008D75D3 /* EditCategoryTemplateModalView.swift */,
			);
			path = CategoryTemplateModalView;
			sourceTree = "<group>";
		};
		98B0435328B1E2F300BC762D = {
			isa = PBXGroup;
			children = (
				70A36B6D29A1EA4500181CB6 /* PrivacyPolicy.md */,
				98B0435E28B1E2F300BC762D /* BudgetManage */,
				98B0436F28B1E2F500BC762D /* BudgetManageTests */,
				98B0437928B1E2F500BC762D /* BudgetManageUITests */,
				98B0435D28B1E2F300BC762D /* Products */,
			);
			sourceTree = "<group>";
		};
		98B0435D28B1E2F300BC762D /* Products */ = {
			isa = PBXGroup;
			children = (
				98B0435C28B1E2F300BC762D /* BudgetManage.app */,
				98B0436C28B1E2F500BC762D /* BudgetManageTests.xctest */,
				98B0437628B1E2F500BC762D /* BudgetManageUITests.xctest */,
			);
			name = Products;
			sourceTree = "<group>";
		};
		98B0435E28B1E2F300BC762D /* BudgetManage */ = {
			isa = PBXGroup;
			children = (
				709E8F1B297398D400261A78 /* Shared */,
				983C7B2D28B9F94A008D75D3 /* Utils */,
				98B0439428B20A4D00BC762D /* Log */,
				98B0438F28B1F0BD00BC762D /* Budget */,
				98B0439728B2183300BC762D /* Store */,
				98B0438C28B1E3FB00BC762D /* Models */,
				98B0435F28B1E2F300BC762D /* BudgetManageApp.swift */,
				98B0436128B1E2F300BC762D /* ContentView.swift */,
				98B0436328B1E2F500BC762D /* Assets.xcassets */,
				98B0436528B1E2F500BC762D /* Preview Content */,
			);
			path = BudgetManage;
			sourceTree = "<group>";
		};
		98B0436528B1E2F500BC762D /* Preview Content */ = {
			isa = PBXGroup;
			children = (
				98B0436628B1E2F500BC762D /* Preview Assets.xcassets */,
			);
			path = "Preview Content";
			sourceTree = "<group>";
		};
		98B0436F28B1E2F500BC762D /* BudgetManageTests */ = {
			isa = PBXGroup;
			children = (
				98B0437028B1E2F500BC762D /* BudgetManageTests.swift */,
			);
			path = BudgetManageTests;
			sourceTree = "<group>";
		};
		98B0437928B1E2F500BC762D /* BudgetManageUITests */ = {
			isa = PBXGroup;
			children = (
				98B0437A28B1E2F500BC762D /* BudgetManageUITests.swift */,
				98B0437C28B1E2F500BC762D /* BudgetManageUITestsLaunchTests.swift */,
			);
			path = BudgetManageUITests;
			sourceTree = "<group>";
		};
		98B0438C28B1E3FB00BC762D /* Models */ = {
			isa = PBXGroup;
			children = (
				98B0438D28B1E41300BC762D /* Budget.swift */,
				9838A11A28B65B810041C326 /* Category.swift */,
				9838A11C28B65C2E0041C326 /* Expense.swift */,
				983C7B4D28C77B45008D75D3 /* Theme.swift */,
			);
			path = Models;
			sourceTree = "<group>";
		};
		98B0438F28B1F0BD00BC762D /* Budget */ = {
			isa = PBXGroup;
			children = (
				9838A11128B529AA0041C326 /* Provider */,
				9838A10B28B39E060041C326 /* State */,
				98B0439D28B24A4600BC762D /* Components */,
				98B0438A28B1E30F00BC762D /* BudgetView.swift */,
			);
			path = Budget;
			sourceTree = "<group>";
		};
		98B0439428B20A4D00BC762D /* Log */ = {
			isa = PBXGroup;
			children = (
				98B0439528B20A5B00BC762D /* LogView.swift */,
			);
			path = Log;
			sourceTree = "<group>";
		};
		98B0439728B2183300BC762D /* Store */ = {
			isa = PBXGroup;
			children = (
				707E47C0298F65D200DAE3CE /* BudgetCategoryCD+CoreDataClass.swift */,
				707E47C1298F65D200DAE3CE /* BudgetCategoryCD+CoreDataProperties.swift */,
				70F7F409297428A200B6C8C1 /* UICD+CoreDataClass.swift */,
				70F7F40A297428A200B6C8C1 /* UICD+CoreDataProperties.swift */,
				70F7F40B297428A200B6C8C1 /* ExpenseCD+CoreDataClass.swift */,
				70F7F40C297428A200B6C8C1 /* ExpenseCD+CoreDataProperties.swift */,
				70F7F40D297428A200B6C8C1 /* CategoryTemplateCD+CoreDataClass.swift */,
				70F7F40E297428A200B6C8C1 /* CategoryTemplateCD+CoreDataProperties.swift */,
				70F7F40F297428A200B6C8C1 /* BudgetCD+CoreDataClass.swift */,
				70F7F410297428A200B6C8C1 /* BudgetCD+CoreDataProperties.swift */,
				70F7F3A52973C03400B6C8C1 /* PersistenceCoreData.swift */,
				70F7F39229739AA900B6C8C1 /* BudgetDataModel.xcdatamodeld */,
			);
			path = Store;
			sourceTree = "<group>";
		};
		98B0439D28B24A4600BC762D /* Components */ = {
			isa = PBXGroup;
			children = (
				983C7B4F28C77D47008D75D3 /* ThemePicker */,
				9838A11028B4809A0041C326 /* Modals */,
				98B0439028B201F300BC762D /* BudgetViewMenu.swift */,
				98B0439228B2089300BC762D /* BudgetViewNavigationTitle.swift */,
				98B0439B28B22E0800BC762D /* BudgetEmptyView.swift */,
				9838A10928B359F90041C326 /* TextFieldClearButton.swift */,
				9838A11428B647B60041C326 /* BudgetInfo.swift */,
				9838A11628B65B3B0041C326 /* CategoryListView.swift */,
				9838A11828B65B5E0041C326 /* CategoryCard.swift */,
				9863988628B9DA8200CCBB1D /* AddExpenseButton.swift */,
				9863988A28B9E1B200CCBB1D /* AmountTextField.swift */,
				983C7B3228BB7FDC008D75D3 /* AddExpenseView.swift */,
				983C7B3D28C2E770008D75D3 /* CategoryBudgetBar.swift */,
				983C7B5728CB1ABC008D75D3 /* CategoryTemplateLabel.swift */,
				983C7B5928CB2059008D75D3 /* AddBudgetCategoryAlert.swift */,
				704835802909749400224DBD /* BudgetCategoryPicker.swift */,
			);
			path = Components;
			sourceTree = "<group>";
		};
/* End PBXGroup section */

/* Begin PBXNativeTarget section */
		98B0435B28B1E2F300BC762D /* BudgetManage */ = {
			isa = PBXNativeTarget;
			buildConfigurationList = 98B0438028B1E2F500BC762D /* Build configuration list for PBXNativeTarget "BudgetManage" */;
			buildPhases = (
				98B0435828B1E2F300BC762D /* Sources */,
				98B0435928B1E2F300BC762D /* Frameworks */,
				98B0435A28B1E2F300BC762D /* Resources */,
			);
			buildRules = (
			);
			dependencies = (
			);
			name = BudgetManage;
			productName = BudgetManage;
			productReference = 98B0435C28B1E2F300BC762D /* BudgetManage.app */;
			productType = "com.apple.product-type.application";
		};
		98B0436B28B1E2F500BC762D /* BudgetManageTests */ = {
			isa = PBXNativeTarget;
			buildConfigurationList = 98B0438328B1E2F500BC762D /* Build configuration list for PBXNativeTarget "BudgetManageTests" */;
			buildPhases = (
				98B0436828B1E2F500BC762D /* Sources */,
				98B0436928B1E2F500BC762D /* Frameworks */,
				98B0436A28B1E2F500BC762D /* Resources */,
			);
			buildRules = (
			);
			dependencies = (
				98B0436E28B1E2F500BC762D /* PBXTargetDependency */,
			);
			name = BudgetManageTests;
			productName = BudgetManageTests;
			productReference = 98B0436C28B1E2F500BC762D /* BudgetManageTests.xctest */;
			productType = "com.apple.product-type.bundle.unit-test";
		};
		98B0437528B1E2F500BC762D /* BudgetManageUITests */ = {
			isa = PBXNativeTarget;
			buildConfigurationList = 98B0438628B1E2F500BC762D /* Build configuration list for PBXNativeTarget "BudgetManageUITests" */;
			buildPhases = (
				98B0437228B1E2F500BC762D /* Sources */,
				98B0437328B1E2F500BC762D /* Frameworks */,
				98B0437428B1E2F500BC762D /* Resources */,
			);
			buildRules = (
			);
			dependencies = (
				98B0437828B1E2F500BC762D /* PBXTargetDependency */,
			);
			name = BudgetManageUITests;
			productName = BudgetManageUITests;
			productReference = 98B0437628B1E2F500BC762D /* BudgetManageUITests.xctest */;
			productType = "com.apple.product-type.bundle.ui-testing";
		};
/* End PBXNativeTarget section */

/* Begin PBXProject section */
		98B0435428B1E2F300BC762D /* Project object */ = {
			isa = PBXProject;
			attributes = {
				BuildIndependentTargetsInParallel = 1;
				LastSwiftUpdateCheck = 1340;
				LastUpgradeCheck = 1340;
				TargetAttributes = {
					98B0435B28B1E2F300BC762D = {
						CreatedOnToolsVersion = 13.4.1;
					};
					98B0436B28B1E2F500BC762D = {
						CreatedOnToolsVersion = 13.4.1;
						TestTargetID = 98B0435B28B1E2F300BC762D;
					};
					98B0437528B1E2F500BC762D = {
						CreatedOnToolsVersion = 13.4.1;
						TestTargetID = 98B0435B28B1E2F300BC762D;
					};
				};
			};
			buildConfigurationList = 98B0435728B1E2F300BC762D /* Build configuration list for PBXProject "BudgetManage" */;
			compatibilityVersion = "Xcode 13.0";
			developmentRegion = en;
			hasScannedForEncodings = 0;
			knownRegions = (
				en,
				Base,
				ja,
			);
			mainGroup = 98B0435328B1E2F300BC762D;
			productRefGroup = 98B0435D28B1E2F300BC762D /* Products */;
			projectDirPath = "";
			projectRoot = "";
			targets = (
				98B0435B28B1E2F300BC762D /* BudgetManage */,
				98B0436B28B1E2F500BC762D /* BudgetManageTests */,
				98B0437528B1E2F500BC762D /* BudgetManageUITests */,
			);
		};
/* End PBXProject section */

/* Begin PBXResourcesBuildPhase section */
		98B0435A28B1E2F300BC762D /* Resources */ = {
			isa = PBXResourcesBuildPhase;
			buildActionMask = 2147483647;
			files = (
				98B0436728B1E2F500BC762D /* Preview Assets.xcassets in Resources */,
				98B0436428B1E2F500BC762D /* Assets.xcassets in Resources */,
			);
			runOnlyForDeploymentPostprocessing = 0;
		};
		98B0436A28B1E2F500BC762D /* Resources */ = {
			isa = PBXResourcesBuildPhase;
			buildActionMask = 2147483647;
			files = (
			);
			runOnlyForDeploymentPostprocessing = 0;
		};
		98B0437428B1E2F500BC762D /* Resources */ = {
			isa = PBXResourcesBuildPhase;
			buildActionMask = 2147483647;
			files = (
			);
			runOnlyForDeploymentPostprocessing = 0;
		};
/* End PBXResourcesBuildPhase section */

/* Begin PBXSourcesBuildPhase section */
		98B0435828B1E2F300BC762D /* Sources */ = {
			isa = PBXSourcesBuildPhase;
			buildActionMask = 2147483647;
			files = (
				98B0436228B1E2F300BC762D /* ContentView.swift in Sources */,
				983C7B3128BB38BB008D75D3 /* CategoryDetailModalView.swift in Sources */,
				70F7F39429739AA900B6C8C1 /* BudgetDataModel.xcdatamodeld in Sources */,
				983C7B5528CAF888008D75D3 /* EditCategoryTemplateModalView.swift in Sources */,
				98B0438B28B1E30F00BC762D /* BudgetView.swift in Sources */,
				983C7B5328C77D86008D75D3 /* ThemeView.swift in Sources */,
				707E47C2298F65D200DAE3CE /* BudgetCategoryCD+CoreDataClass.swift in Sources */,
				70F7F418297428A200B6C8C1 /* CategoryTemplateCD+CoreDataProperties.swift in Sources */,
				98B0438E28B1E41300BC762D /* Budget.swift in Sources */,
				70168E662975A6F5005BC267 /* EditBudgetModalViewProvider.swift in Sources */,
				70F7F415297428A200B6C8C1 /* ExpenseCD+CoreDataClass.swift in Sources */,
				983C7B4228C2F294008D75D3 /* CategoryAddExpenseView.swift in Sources */,
				9838A11928B65B5E0041C326 /* CategoryCard.swift in Sources */,
				98B0439F28B24A8D00BC762D /* CreateBudgetModalView.swift in Sources */,
				9838A11B28B65B810041C326 /* Category.swift in Sources */,
				98B0439128B201F300BC762D /* BudgetViewMenu.swift in Sources */,
				70F7F413297428A200B6C8C1 /* UICD+CoreDataClass.swift in Sources */,
				70F7F417297428A200B6C8C1 /* CategoryTemplateCD+CoreDataClass.swift in Sources */,
				98B0439C28B22E0800BC762D /* BudgetEmptyView.swift in Sources */,
				9838A11728B65B3B0041C326 /* CategoryListView.swift in Sources */,
				70F7F414297428A200B6C8C1 /* UICD+CoreDataProperties.swift in Sources */,
				983C7B3728BD0058008D75D3 /* CategoryTitle.swift in Sources */,
				7048357F2906D7EE00224DBD /* EditBudgetModalView.swift in Sources */,
				9838A11528B647B60041C326 /* BudgetInfo.swift in Sources */,
				704835812909749400224DBD /* BudgetCategoryPicker.swift in Sources */,
				9863988728B9DA8200CCBB1D /* AddExpenseButton.swift in Sources */,
				985FBB1228D7118C0080159B /* EditBudgetCategoryDetailModalView.swift in Sources */,
				709E8F1F297398D400261A78 /* View+InteractiveDismissableView.swift in Sources */,
				9838A11328B52A2E0041C326 /* CreateBudgetModalViewProvider.swift in Sources */,
				983C7B4428C606A2008D75D3 /* EditBudgetCategoryModalView.swift in Sources */,
				9863988B28B9E1B200CCBB1D /* AmountTextField.swift in Sources */,
				709E8F20297398D400261A78 /* View+ConfirmationDialog.swift in Sources */,
				98B0436028B1E2F300BC762D /* BudgetManageApp.swift in Sources */,
				70F7F41A297428A200B6C8C1 /* BudgetCD+CoreDataProperties.swift in Sources */,
				983C7B4C28C77310008D75D3 /* CreateCategoryTemplateModalView.swift in Sources */,
				983C7B5128C77D55008D75D3 /* ThemePicker.swift in Sources */,
				9838A10F28B47E650041C326 /* BudgetListModalView.swift in Sources */,
				983C7B5A28CB2059008D75D3 /* AddBudgetCategoryAlert.swift in Sources */,
				98B0439328B2089300BC762D /* BudgetViewNavigationTitle.swift in Sources */,
				70F7F3A62973C03400B6C8C1 /* PersistenceCoreData.swift in Sources */,
				9838A10A28B359F90041C326 /* TextFieldClearButton.swift in Sources */,
				983C7B3E28C2E770008D75D3 /* CategoryBudgetBar.swift in Sources */,
				9838A10D28B39E120041C326 /* NumbersOnly.swift in Sources */,
				983C7B4628C607EF008D75D3 /* CategoryTemplateListModalView.swift in Sources */,
				707E47C3298F65D200DAE3CE /* BudgetCategoryCD+CoreDataProperties.swift in Sources */,
				983C7B4E28C77B45008D75D3 /* Theme.swift in Sources */,
				9838A11D28B65C2E0041C326 /* Expense.swift in Sources */,
				983C7B2F28B9F95D008D75D3 /* ColorTheme.swift in Sources */,
				983C7B3328BB7FDC008D75D3 /* AddExpenseView.swift in Sources */,
				98B0439628B20A5B00BC762D /* LogView.swift in Sources */,
				9863988928B9DFCB00CCBB1D /* AddExpenseModalView.swift in Sources */,
				70F7F416297428A200B6C8C1 /* ExpenseCD+CoreDataProperties.swift in Sources */,
				983C7B3528BCEFA1008D75D3 /* CategoryDetailView.swift in Sources */,
				70F7F419297428A200B6C8C1 /* BudgetCD+CoreDataClass.swift in Sources */,
				983C7B5828CB1ABC008D75D3 /* CategoryTemplateLabel.swift in Sources */,
				983C7B3C28C0E14F008D75D3 /* EditExpenseModalView.swift in Sources */,
			);
			runOnlyForDeploymentPostprocessing = 0;
		};
		98B0436828B1E2F500BC762D /* Sources */ = {
			isa = PBXSourcesBuildPhase;
			buildActionMask = 2147483647;
			files = (
				98B0437128B1E2F500BC762D /* BudgetManageTests.swift in Sources */,
			);
			runOnlyForDeploymentPostprocessing = 0;
		};
		98B0437228B1E2F500BC762D /* Sources */ = {
			isa = PBXSourcesBuildPhase;
			buildActionMask = 2147483647;
			files = (
				98B0437D28B1E2F500BC762D /* BudgetManageUITestsLaunchTests.swift in Sources */,
				98B0437B28B1E2F500BC762D /* BudgetManageUITests.swift in Sources */,
			);
			runOnlyForDeploymentPostprocessing = 0;
		};
/* End PBXSourcesBuildPhase section */

/* Begin PBXTargetDependency section */
		98B0436E28B1E2F500BC762D /* PBXTargetDependency */ = {
			isa = PBXTargetDependency;
			target = 98B0435B28B1E2F300BC762D /* BudgetManage */;
			targetProxy = 98B0436D28B1E2F500BC762D /* PBXContainerItemProxy */;
		};
		98B0437828B1E2F500BC762D /* PBXTargetDependency */ = {
			isa = PBXTargetDependency;
			target = 98B0435B28B1E2F300BC762D /* BudgetManage */;
			targetProxy = 98B0437728B1E2F500BC762D /* PBXContainerItemProxy */;
		};
/* End PBXTargetDependency section */

/* Begin XCBuildConfiguration section */
		98B0437E28B1E2F500BC762D /* Debug */ = {
			isa = XCBuildConfiguration;
			buildSettings = {
				ALWAYS_SEARCH_USER_PATHS = NO;
				CLANG_ANALYZER_NONNULL = YES;
				CLANG_ANALYZER_NUMBER_OBJECT_CONVERSION = YES_AGGRESSIVE;
				CLANG_CXX_LANGUAGE_STANDARD = "gnu++17";
				CLANG_ENABLE_MODULES = YES;
				CLANG_ENABLE_OBJC_ARC = YES;
				CLANG_ENABLE_OBJC_WEAK = YES;
				CLANG_WARN_BLOCK_CAPTURE_AUTORELEASING = YES;
				CLANG_WARN_BOOL_CONVERSION = YES;
				CLANG_WARN_COMMA = YES;
				CLANG_WARN_CONSTANT_CONVERSION = YES;
				CLANG_WARN_DEPRECATED_OBJC_IMPLEMENTATIONS = YES;
				CLANG_WARN_DIRECT_OBJC_ISA_USAGE = YES_ERROR;
				CLANG_WARN_DOCUMENTATION_COMMENTS = YES;
				CLANG_WARN_EMPTY_BODY = YES;
				CLANG_WARN_ENUM_CONVERSION = YES;
				CLANG_WARN_INFINITE_RECURSION = YES;
				CLANG_WARN_INT_CONVERSION = YES;
				CLANG_WARN_NON_LITERAL_NULL_CONVERSION = YES;
				CLANG_WARN_OBJC_IMPLICIT_RETAIN_SELF = YES;
				CLANG_WARN_OBJC_LITERAL_CONVERSION = YES;
				CLANG_WARN_OBJC_ROOT_CLASS = YES_ERROR;
				CLANG_WARN_QUOTED_INCLUDE_IN_FRAMEWORK_HEADER = YES;
				CLANG_WARN_RANGE_LOOP_ANALYSIS = YES;
				CLANG_WARN_STRICT_PROTOTYPES = YES;
				CLANG_WARN_SUSPICIOUS_MOVE = YES;
				CLANG_WARN_UNGUARDED_AVAILABILITY = YES_AGGRESSIVE;
				CLANG_WARN_UNREACHABLE_CODE = YES;
				CLANG_WARN__DUPLICATE_METHOD_MATCH = YES;
				COPY_PHASE_STRIP = NO;
				DEBUG_INFORMATION_FORMAT = dwarf;
				ENABLE_STRICT_OBJC_MSGSEND = YES;
				ENABLE_TESTABILITY = YES;
				GCC_C_LANGUAGE_STANDARD = gnu11;
				GCC_DYNAMIC_NO_PIC = NO;
				GCC_NO_COMMON_BLOCKS = YES;
				GCC_OPTIMIZATION_LEVEL = 0;
				GCC_PREPROCESSOR_DEFINITIONS = (
					"DEBUG=1",
					"$(inherited)",
				);
				GCC_WARN_64_TO_32_BIT_CONVERSION = YES;
				GCC_WARN_ABOUT_RETURN_TYPE = YES_ERROR;
				GCC_WARN_UNDECLARED_SELECTOR = YES;
				GCC_WARN_UNINITIALIZED_AUTOS = YES_AGGRESSIVE;
				GCC_WARN_UNUSED_FUNCTION = YES;
				GCC_WARN_UNUSED_VARIABLE = YES;
				IPHONEOS_DEPLOYMENT_TARGET = 15.5;
				MTL_ENABLE_DEBUG_INFO = INCLUDE_SOURCE;
				MTL_FAST_MATH = YES;
				ONLY_ACTIVE_ARCH = YES;
				SDKROOT = iphoneos;
				SWIFT_ACTIVE_COMPILATION_CONDITIONS = DEBUG;
				SWIFT_OPTIMIZATION_LEVEL = "-Onone";
			};
			name = Debug;
		};
		98B0437F28B1E2F500BC762D /* Release */ = {
			isa = XCBuildConfiguration;
			buildSettings = {
				ALWAYS_SEARCH_USER_PATHS = NO;
				CLANG_ANALYZER_NONNULL = YES;
				CLANG_ANALYZER_NUMBER_OBJECT_CONVERSION = YES_AGGRESSIVE;
				CLANG_CXX_LANGUAGE_STANDARD = "gnu++17";
				CLANG_ENABLE_MODULES = YES;
				CLANG_ENABLE_OBJC_ARC = YES;
				CLANG_ENABLE_OBJC_WEAK = YES;
				CLANG_WARN_BLOCK_CAPTURE_AUTORELEASING = YES;
				CLANG_WARN_BOOL_CONVERSION = YES;
				CLANG_WARN_COMMA = YES;
				CLANG_WARN_CONSTANT_CONVERSION = YES;
				CLANG_WARN_DEPRECATED_OBJC_IMPLEMENTATIONS = YES;
				CLANG_WARN_DIRECT_OBJC_ISA_USAGE = YES_ERROR;
				CLANG_WARN_DOCUMENTATION_COMMENTS = YES;
				CLANG_WARN_EMPTY_BODY = YES;
				CLANG_WARN_ENUM_CONVERSION = YES;
				CLANG_WARN_INFINITE_RECURSION = YES;
				CLANG_WARN_INT_CONVERSION = YES;
				CLANG_WARN_NON_LITERAL_NULL_CONVERSION = YES;
				CLANG_WARN_OBJC_IMPLICIT_RETAIN_SELF = YES;
				CLANG_WARN_OBJC_LITERAL_CONVERSION = YES;
				CLANG_WARN_OBJC_ROOT_CLASS = YES_ERROR;
				CLANG_WARN_QUOTED_INCLUDE_IN_FRAMEWORK_HEADER = YES;
				CLANG_WARN_RANGE_LOOP_ANALYSIS = YES;
				CLANG_WARN_STRICT_PROTOTYPES = YES;
				CLANG_WARN_SUSPICIOUS_MOVE = YES;
				CLANG_WARN_UNGUARDED_AVAILABILITY = YES_AGGRESSIVE;
				CLANG_WARN_UNREACHABLE_CODE = YES;
				CLANG_WARN__DUPLICATE_METHOD_MATCH = YES;
				COPY_PHASE_STRIP = NO;
				DEBUG_INFORMATION_FORMAT = "dwarf-with-dsym";
				ENABLE_NS_ASSERTIONS = NO;
				ENABLE_STRICT_OBJC_MSGSEND = YES;
				GCC_C_LANGUAGE_STANDARD = gnu11;
				GCC_NO_COMMON_BLOCKS = YES;
				GCC_WARN_64_TO_32_BIT_CONVERSION = YES;
				GCC_WARN_ABOUT_RETURN_TYPE = YES_ERROR;
				GCC_WARN_UNDECLARED_SELECTOR = YES;
				GCC_WARN_UNINITIALIZED_AUTOS = YES_AGGRESSIVE;
				GCC_WARN_UNUSED_FUNCTION = YES;
				GCC_WARN_UNUSED_VARIABLE = YES;
				IPHONEOS_DEPLOYMENT_TARGET = 15.5;
				MTL_ENABLE_DEBUG_INFO = NO;
				MTL_FAST_MATH = YES;
				SDKROOT = iphoneos;
				SWIFT_COMPILATION_MODE = wholemodule;
				SWIFT_OPTIMIZATION_LEVEL = "-O";
				VALIDATE_PRODUCT = YES;
			};
			name = Release;
		};
		98B0438128B1E2F500BC762D /* Debug */ = {
			isa = XCBuildConfiguration;
			buildSettings = {
				ASSETCATALOG_COMPILER_APPICON_NAME = AppIcon;
				ASSETCATALOG_COMPILER_GLOBAL_ACCENT_COLOR_NAME = AccentColor;
				CODE_SIGN_STYLE = Automatic;
				CURRENT_PROJECT_VERSION = 1;
				DEVELOPMENT_ASSET_PATHS = "\"BudgetManage/Preview Content\"";
				DEVELOPMENT_TEAM = 7A4PPWAY72;
				ENABLE_PREVIEWS = YES;
				GENERATE_INFOPLIST_FILE = YES;
				INFOPLIST_KEY_CFBundleDisplayName = "予算管理";
				INFOPLIST_KEY_UIApplicationSceneManifest_Generation = YES;
				INFOPLIST_KEY_UIApplicationSupportsIndirectInputEvents = YES;
				INFOPLIST_KEY_UILaunchScreen_Generation = YES;
				INFOPLIST_KEY_UISupportedInterfaceOrientations_iPad = "UIInterfaceOrientationPortrait UIInterfaceOrientationPortraitUpsideDown UIInterfaceOrientationLandscapeLeft UIInterfaceOrientationLandscapeRight";
				INFOPLIST_KEY_UISupportedInterfaceOrientations_iPhone = "UIInterfaceOrientationPortrait UIInterfaceOrientationPortrait UIInterfaceOrientationPortrait";
				LD_RUNPATH_SEARCH_PATHS = (
					"$(inherited)",
					"@executable_path/Frameworks",
				);
				MARKETING_VERSION = 1.2;
				PRODUCT_BUNDLE_IDENTIFIER = dev.shufei.app.BudgetManage;
				PRODUCT_NAME = "$(TARGET_NAME)";
				SWIFT_EMIT_LOC_STRINGS = YES;
				SWIFT_VERSION = 5.0;
				TARGETED_DEVICE_FAMILY = "1,2";
			};
			name = Debug;
		};
		98B0438228B1E2F500BC762D /* Release */ = {
			isa = XCBuildConfiguration;
			buildSettings = {
				ASSETCATALOG_COMPILER_APPICON_NAME = AppIcon;
				ASSETCATALOG_COMPILER_GLOBAL_ACCENT_COLOR_NAME = AccentColor;
				CODE_SIGN_STYLE = Automatic;
				CURRENT_PROJECT_VERSION = 1;
				DEVELOPMENT_ASSET_PATHS = "\"BudgetManage/Preview Content\"";
				DEVELOPMENT_TEAM = 7A4PPWAY72;
				ENABLE_PREVIEWS = YES;
				GENERATE_INFOPLIST_FILE = YES;
				INFOPLIST_KEY_CFBundleDisplayName = "予算管理";
				INFOPLIST_KEY_UIApplicationSceneManifest_Generation = YES;
				INFOPLIST_KEY_UIApplicationSupportsIndirectInputEvents = YES;
				INFOPLIST_KEY_UILaunchScreen_Generation = YES;
				INFOPLIST_KEY_UISupportedInterfaceOrientations_iPad = "UIInterfaceOrientationPortrait UIInterfaceOrientationPortraitUpsideDown UIInterfaceOrientationLandscapeLeft UIInterfaceOrientationLandscapeRight";
				INFOPLIST_KEY_UISupportedInterfaceOrientations_iPhone = "UIInterfaceOrientationPortrait UIInterfaceOrientationPortrait UIInterfaceOrientationPortrait";
				LD_RUNPATH_SEARCH_PATHS = (
					"$(inherited)",
					"@executable_path/Frameworks",
				);
				MARKETING_VERSION = 1.2;
				PRODUCT_BUNDLE_IDENTIFIER = dev.shufei.app.BudgetManage;
				PRODUCT_NAME = "$(TARGET_NAME)";
				SWIFT_EMIT_LOC_STRINGS = YES;
				SWIFT_VERSION = 5.0;
				TARGETED_DEVICE_FAMILY = "1,2";
			};
			name = Release;
		};
		98B0438428B1E2F500BC762D /* Debug */ = {
			isa = XCBuildConfiguration;
			buildSettings = {
				ALWAYS_EMBED_SWIFT_STANDARD_LIBRARIES = YES;
				BUNDLE_LOADER = "$(TEST_HOST)";
				CODE_SIGN_STYLE = Automatic;
				CURRENT_PROJECT_VERSION = 1;
				DEVELOPMENT_TEAM = 7A4PPWAY72;
				GENERATE_INFOPLIST_FILE = YES;
				IPHONEOS_DEPLOYMENT_TARGET = 15.5;
				MARKETING_VERSION = 1.0;
				PRODUCT_BUNDLE_IDENTIFIER = "com.example.apple-samplecode.BudgetManageTests";
				PRODUCT_NAME = "$(TARGET_NAME)";
				SWIFT_EMIT_LOC_STRINGS = NO;
				SWIFT_VERSION = 5.0;
				TARGETED_DEVICE_FAMILY = "1,2";
				TEST_HOST = "$(BUILT_PRODUCTS_DIR)/BudgetManage.app/BudgetManage";
			};
			name = Debug;
		};
		98B0438528B1E2F500BC762D /* Release */ = {
			isa = XCBuildConfiguration;
			buildSettings = {
				ALWAYS_EMBED_SWIFT_STANDARD_LIBRARIES = YES;
				BUNDLE_LOADER = "$(TEST_HOST)";
				CODE_SIGN_STYLE = Automatic;
				CURRENT_PROJECT_VERSION = 1;
				DEVELOPMENT_TEAM = 7A4PPWAY72;
				GENERATE_INFOPLIST_FILE = YES;
				IPHONEOS_DEPLOYMENT_TARGET = 15.5;
				MARKETING_VERSION = 1.0;
				PRODUCT_BUNDLE_IDENTIFIER = "com.example.apple-samplecode.BudgetManageTests";
				PRODUCT_NAME = "$(TARGET_NAME)";
				SWIFT_EMIT_LOC_STRINGS = NO;
				SWIFT_VERSION = 5.0;
				TARGETED_DEVICE_FAMILY = "1,2";
				TEST_HOST = "$(BUILT_PRODUCTS_DIR)/BudgetManage.app/BudgetManage";
			};
			name = Release;
		};
		98B0438728B1E2F500BC762D /* Debug */ = {
			isa = XCBuildConfiguration;
			buildSettings = {
				ALWAYS_EMBED_SWIFT_STANDARD_LIBRARIES = YES;
				CODE_SIGN_STYLE = Automatic;
				CURRENT_PROJECT_VERSION = 1;
				DEVELOPMENT_TEAM = 7A4PPWAY72;
				GENERATE_INFOPLIST_FILE = YES;
				MARKETING_VERSION = 1.0;
				PRODUCT_BUNDLE_IDENTIFIER = "com.example.apple-samplecode.BudgetManageUITests";
				PRODUCT_NAME = "$(TARGET_NAME)";
				SWIFT_EMIT_LOC_STRINGS = NO;
				SWIFT_VERSION = 5.0;
				TARGETED_DEVICE_FAMILY = "1,2";
				TEST_TARGET_NAME = BudgetManage;
			};
			name = Debug;
		};
		98B0438828B1E2F500BC762D /* Release */ = {
			isa = XCBuildConfiguration;
			buildSettings = {
				ALWAYS_EMBED_SWIFT_STANDARD_LIBRARIES = YES;
				CODE_SIGN_STYLE = Automatic;
				CURRENT_PROJECT_VERSION = 1;
				DEVELOPMENT_TEAM = 7A4PPWAY72;
				GENERATE_INFOPLIST_FILE = YES;
				MARKETING_VERSION = 1.0;
				PRODUCT_BUNDLE_IDENTIFIER = "com.example.apple-samplecode.BudgetManageUITests";
				PRODUCT_NAME = "$(TARGET_NAME)";
				SWIFT_EMIT_LOC_STRINGS = NO;
				SWIFT_VERSION = 5.0;
				TARGETED_DEVICE_FAMILY = "1,2";
				TEST_TARGET_NAME = BudgetManage;
			};
			name = Release;
		};
/* End XCBuildConfiguration section */

/* Begin XCConfigurationList section */
		98B0435728B1E2F300BC762D /* Build configuration list for PBXProject "BudgetManage" */ = {
			isa = XCConfigurationList;
			buildConfigurations = (
				98B0437E28B1E2F500BC762D /* Debug */,
				98B0437F28B1E2F500BC762D /* Release */,
			);
			defaultConfigurationIsVisible = 0;
			defaultConfigurationName = Release;
		};
		98B0438028B1E2F500BC762D /* Build configuration list for PBXNativeTarget "BudgetManage" */ = {
			isa = XCConfigurationList;
			buildConfigurations = (
				98B0438128B1E2F500BC762D /* Debug */,
				98B0438228B1E2F500BC762D /* Release */,
			);
			defaultConfigurationIsVisible = 0;
			defaultConfigurationName = Release;
		};
		98B0438328B1E2F500BC762D /* Build configuration list for PBXNativeTarget "BudgetManageTests" */ = {
			isa = XCConfigurationList;
			buildConfigurations = (
				98B0438428B1E2F500BC762D /* Debug */,
				98B0438528B1E2F500BC762D /* Release */,
			);
			defaultConfigurationIsVisible = 0;
			defaultConfigurationName = Release;
		};
		98B0438628B1E2F500BC762D /* Build configuration list for PBXNativeTarget "BudgetManageUITests" */ = {
			isa = XCConfigurationList;
			buildConfigurations = (
				98B0438728B1E2F500BC762D /* Debug */,
				98B0438828B1E2F500BC762D /* Release */,
			);
			defaultConfigurationIsVisible = 0;
			defaultConfigurationName = Release;
		};
/* End XCConfigurationList section */

/* Begin XCVersionGroup section */
		70F7F39229739AA900B6C8C1 /* BudgetDataModel.xcdatamodeld */ = {
			isa = XCVersionGroup;
			children = (
				70F7F39329739AA900B6C8C1 /* BudgetDataModel.xcdatamodel */,
			);
			currentVersion = 70F7F39329739AA900B6C8C1 /* BudgetDataModel.xcdatamodel */;
			path = BudgetDataModel.xcdatamodeld;
			sourceTree = "<group>";
			versionGroupType = wrapper.xcdatamodel;
		};
/* End XCVersionGroup section */
	};
	rootObject = 98B0435428B1E2F300BC762D /* Project object */;
}
